PODS:
  - Masonry (0.6.3)
  - SSKeychain (1.2.3)
  - SVProgressHUD (1.1.3)
  - YYModel (0.9.6)

DEPENDENCIES:
  - Masonry
  - SSKeychain
  - SVProgressHUD
  - YYModel

SPEC CHECKSUMS:
  Masonry: ff105a956abcd19a618b2028b121cb638d7a8e2f
  SSKeychain: 3f42991739c6c60a9cf1bbd4dff6c0d3694bcf3d
  SVProgressHUD: 748080e4f36e603f6c02aec292664239df5279c1
  YYModel: 23033d471f7471d7e29875a960df42b04429ece8

COCOAPODS: 0.39.0
